version = 1

[dependencies._self]
path = "."

[dependencies.meridian-base]
url = "https://github.com/meridian-flow/meridian-base"
version = "v0.0.27"
commit = "20fb03ff99b62085d2e4d54a33b01060c62c84a4"

[dependencies.meridian-prompter]
url = "https://github.com/meridian-flow/meridian-prompter"
version = "v0.0.6"
commit = "75984010c91bf29900ff2e9ddc5a56785f2214dd"

[items."agents/brainstormer.md"]
source = "_self"
kind = "agent"
source_checksum = "sha256:100f6c409d088f105a17c7541a0c7b6a166bbe679d22bd60d16732f52f67c4ac"
installed_checksum = "sha256:100f6c409d088f105a17c7541a0c7b6a166bbe679d22bd60d16732f52f67c4ac"
dest_path = "agents/brainstormer.md"

[items."agents/character-sim.md"]
source = "_self"
kind = "agent"
source_checksum = "sha256:e69ab9fb24f4b7e48c85bca336655817cb89134ec22cf79284a1344eb82c17b1"
installed_checksum = "sha256:e69ab9fb24f4b7e48c85bca336655817cb89134ec22cf79284a1344eb82c17b1"
dest_path = "agents/character-sim.md"

[items."agents/chronicler.md"]
source = "_self"
kind = "agent"
source_checksum = "sha256:216b700870b5980ca24c4f0e1bcd1deb6ec4dedbc76f88910e058014ade7519a"
installed_checksum = "sha256:216b700870b5980ca24c4f0e1bcd1deb6ec4dedbc76f88910e058014ade7519a"
dest_path = "agents/chronicler.md"

[items."agents/continuity-checker.md"]
source = "_self"
kind = "agent"
source_checksum = "sha256:15a964a09622c58de41ba38b751c881eb8ba5652b842efc7c836d4847e86ccf0"
installed_checksum = "sha256:15a964a09622c58de41ba38b751c881eb8ba5652b842efc7c836d4847e86ccf0"
dest_path = "agents/continuity-checker.md"

[items."agents/critic.md"]
source = "_self"
kind = "agent"
source_checksum = "sha256:013315df6512070df8c744ce286cdea0a6ac7260c5ed725d3a865e2a6732df6f"
installed_checksum = "sha256:013315df6512070df8c744ce286cdea0a6ac7260c5ed725d3a865e2a6732df6f"
dest_path = "agents/critic.md"

[items."agents/draft-orchestrator.md"]
source = "_self"
kind = "agent"
source_checksum = "sha256:1f5b205b70b81c28835aad9fdfab4f8b97d84c3bb17c0f8dfedada32821b0741"
installed_checksum = "sha256:1f5b205b70b81c28835aad9fdfab4f8b97d84c3bb17c0f8dfedada32821b0741"
dest_path = "agents/draft-orchestrator.md"

[items."agents/explorer.md"]
source = "_self"
kind = "agent"
source_checksum = "sha256:93ccb0cf2999daf1a43bfd04db24aa9116f38a9b15fec8951bf3c533eb988cb6"
installed_checksum = "sha256:93ccb0cf2999daf1a43bfd04db24aa9116f38a9b15fec8951bf3c533eb988cb6"
dest_path = "agents/explorer.md"

[items."agents/graph-maintainer.md"]
source = "_self"
kind = "agent"
source_checksum = "sha256:cc82dc0422b3b2c7c98ee02b28336bc63d0cf70b108a602fbb682f56ed312dbf"
installed_checksum = "sha256:cc82dc0422b3b2c7c98ee02b28336bc63d0cf70b108a602fbb682f56ed312dbf"
dest_path = "agents/graph-maintainer.md"

[items."agents/knowledge-orchestrator.md"]
source = "_self"
kind = "agent"
source_checksum = "sha256:8f0647e32555fa979cbbd355d12a592db14e5e15863ea4b206f7191c55b0d204"
installed_checksum = "sha256:8f0647e32555fa979cbbd355d12a592db14e5e15863ea4b206f7191c55b0d204"
dest_path = "agents/knowledge-orchestrator.md"

[items."agents/meridian-default-orchestrator.md"]
source = "meridian-base"
kind = "agent"
version = "v0.0.27"
source_checksum = "sha256:2f521d69579a821cd8d98f8d170f86c2d45dc62d77289d7e28886774f28b06ca"
installed_checksum = "sha256:2f521d69579a821cd8d98f8d170f86c2d45dc62d77289d7e28886774f28b06ca"
dest_path = "agents/meridian-default-orchestrator.md"

[items."agents/meridian-subagent.md"]
source = "meridian-base"
kind = "agent"
version = "v0.0.27"
source_checksum = "sha256:f939f90b9694738130e7566e80a2c65b5a4b2dac7b637856272baf19c9d78bc6"
installed_checksum = "sha256:f939f90b9694738130e7566e80a2c65b5a4b2dac7b637856272baf19c9d78bc6"
dest_path = "agents/meridian-subagent.md"

[items."agents/outliner.md"]
source = "_self"
kind = "agent"
source_checksum = "sha256:f56e07e8ce37a51ae1fdd1add6496192318572f2fc3090070c80c88a1fe20f16"
installed_checksum = "sha256:f56e07e8ce37a51ae1fdd1add6496192318572f2fc3090070c80c88a1fe20f16"
dest_path = "agents/outliner.md"

[items."agents/prompt-reviewer.md"]
source = "meridian-prompter"
kind = "agent"
version = "v0.0.4"
source_checksum = "sha256:a6dd1dafff624bb678554f6c28ed73ba5b7ef2f7f4399c1cf1b4ee0e124667ee"
installed_checksum = "sha256:a6dd1dafff624bb678554f6c28ed73ba5b7ef2f7f4399c1cf1b4ee0e124667ee"
dest_path = "agents/prompt-reviewer.md"

[items."agents/prompt-tester.md"]
source = "meridian-prompter"
kind = "agent"
version = "v0.0.4"
source_checksum = "sha256:ec3b4a04e4930d297068bff87be30567d96694ced761e7586e3b6f313cff686d"
installed_checksum = "sha256:ec3b4a04e4930d297068bff87be30567d96694ced761e7586e3b6f313cff686d"
dest_path = "agents/prompt-tester.md"

[items."agents/prompter-orchestrator.md"]
source = "meridian-prompter"
kind = "agent"
version = "v0.0.6"
source_checksum = "sha256:449d87482ad674fc9ed78d6bcb0b5f04f4a33e83b8270aab4583517dfe631a52"
installed_checksum = "sha256:449d87482ad674fc9ed78d6bcb0b5f04f4a33e83b8270aab4583517dfe631a52"
dest_path = "agents/prompter-orchestrator.md"

[items."agents/python-tool-writer.md"]
source = "meridian-prompter"
kind = "agent"
version = "v0.0.4"
source_checksum = "sha256:b6ce0c404186cc6f8fc74c281a6d14295d17780feeb93d8939378b9eb32f4c9f"
installed_checksum = "sha256:b6ce0c404186cc6f8fc74c281a6d14295d17780feeb93d8939378b9eb32f4c9f"
dest_path = "agents/python-tool-writer.md"

[items."agents/reader-sim.md"]
source = "_self"
kind = "agent"
source_checksum = "sha256:53014d00657e2dba3af018fcc3c8bc9818c6f1dc819c5c62aebf0e2d2e34b305"
installed_checksum = "sha256:53014d00657e2dba3af018fcc3c8bc9818c6f1dc819c5c62aebf0e2d2e34b305"
dest_path = "agents/reader-sim.md"

[items."agents/researcher.md"]
source = "_self"
kind = "agent"
source_checksum = "sha256:ef4f21a395e19ff571ba4aeebc0c00e7cf4ec470d97546ece5eb85c21b2cd6fb"
installed_checksum = "sha256:ef4f21a395e19ff571ba4aeebc0c00e7cf4ec470d97546ece5eb85c21b2cd6fb"
dest_path = "agents/researcher.md"

[items."agents/session-miner.md"]
source = "_self"
kind = "agent"
source_checksum = "sha256:0638af411e47d7ec004451117e0c51bb4d6ca8ac80ef4467844fcef42010514e"
installed_checksum = "sha256:0638af411e47d7ec004451117e0c51bb4d6ca8ac80ef4467844fcef42010514e"
dest_path = "agents/session-miner.md"

[items."agents/story-orchestrator.md"]
source = "_self"
kind = "agent"
source_checksum = "sha256:5e4d3c61e6008d83043d75169568debfa149138bc22d330baa777df17658a602"
installed_checksum = "sha256:5e4d3c61e6008d83043d75169568debfa149138bc22d330baa777df17658a602"
dest_path = "agents/story-orchestrator.md"

[items."agents/style-creator.md"]
source = "_self"
kind = "agent"
source_checksum = "sha256:b1853e54a43e74d317daae318cda1caac0af7d57aca9a5deb019b6dbdef84d7e"
installed_checksum = "sha256:b1853e54a43e74d317daae318cda1caac0af7d57aca9a5deb019b6dbdef84d7e"
dest_path = "agents/style-creator.md"

[items."agents/web-prompt-researcher.md"]
source = "meridian-prompter"
kind = "agent"
version = "v0.0.4"
source_checksum = "sha256:a474014b66619b90255ee25761afbd8a9ab1c179e458ed5231a6bdffb5de5091"
installed_checksum = "sha256:a474014b66619b90255ee25761afbd8a9ab1c179e458ed5231a6bdffb5de5091"
dest_path = "agents/web-prompt-researcher.md"

[items."agents/wiki-editor.md"]
source = "_self"
kind = "agent"
source_checksum = "sha256:ee4abb242744d6a9bee0a1e04a0f9d3a646f8552b892a61b9e9f6026871ac60e"
installed_checksum = "sha256:ee4abb242744d6a9bee0a1e04a0f9d3a646f8552b892a61b9e9f6026871ac60e"
dest_path = "agents/wiki-editor.md"

[items."agents/writer.md"]
source = "_self"
kind = "agent"
source_checksum = "sha256:c68fc949bf85beac478be11261d8e3519ae278544183f46ad5e2fd0e30b6fb54"
installed_checksum = "sha256:c68fc949bf85beac478be11261d8e3519ae278544183f46ad5e2fd0e30b6fb54"
dest_path = "agents/writer.md"

[items."skills/agent-artifacts"]
source = "meridian-prompter"
kind = "skill"
version = "v0.0.4"
source_checksum = "sha256:7889e6eb1a345fcb5bba15544e2b3283cb7208d0fe8ed39008c11d8b1e6099e0"
installed_checksum = "sha256:7889e6eb1a345fcb5bba15544e2b3283cb7208d0fe8ed39008c11d8b1e6099e0"
dest_path = "skills/agent-artifacts"

[items."skills/agent-creator"]
source = "meridian-base"
kind = "skill"
version = "v0.0.27"
source_checksum = "sha256:7fbf5aec69d2f865cacab760fad4bf2d736797134003924299d858354f20f1d5"
installed_checksum = "sha256:7fbf5aec69d2f865cacab760fad4bf2d736797134003924299d858354f20f1d5"
dest_path = "skills/agent-creator"

[items."skills/brainstorming"]
source = "_self"
kind = "skill"
source_checksum = "sha256:fcc2cc2e838f1ebeef41a5a34462ab97fdd5f90849aa813d9294cf2f252be622"
installed_checksum = "sha256:fcc2cc2e838f1ebeef41a5a34462ab97fdd5f90849aa813d9294cf2f252be622"
dest_path = "skills/brainstorming"

[items."skills/knowledge-graph"]
source = "_self"
kind = "skill"
source_checksum = "sha256:e5c0610c7f931c6e03b6f6f1fab656cb13b789c299c2bb43a7473893c3b1e344"
installed_checksum = "sha256:e5c0610c7f931c6e03b6f6f1fab656cb13b789c299c2bb43a7473893c3b1e344"
dest_path = "skills/knowledge-graph"

[items."skills/meridian-cli"]
source = "meridian-base"
kind = "skill"
version = "v0.0.27"
source_checksum = "sha256:be427c4b9d61befb6bea80713ec281407bdd124982c0c99eb83a7a12e8b325a2"
installed_checksum = "sha256:be427c4b9d61befb6bea80713ec281407bdd124982c0c99eb83a7a12e8b325a2"
dest_path = "skills/meridian-cli"

[items."skills/meridian-privilege-escalation"]
source = "meridian-base"
kind = "skill"
version = "v0.0.12"
source_checksum = "sha256:e0341d4ed3657d4a4c6a0a96f804376e6f960e3f7f2fd9b91ac8d672ea4e2938"
installed_checksum = "sha256:e0341d4ed3657d4a4c6a0a96f804376e6f960e3f7f2fd9b91ac8d672ea4e2938"
dest_path = "skills/meridian-privilege-escalation"

[items."skills/meridian-spawn"]
source = "meridian-base"
kind = "skill"
version = "v0.0.27"
source_checksum = "sha256:a0ff3daf2cf00c9dd5f009c3ba390b5f1ad0cc5265544894458b5d11a01c83b8"
installed_checksum = "sha256:a0ff3daf2cf00c9dd5f009c3ba390b5f1ad0cc5265544894458b5d11a01c83b8"
dest_path = "skills/meridian-spawn"

[items."skills/meridian-work-coordination"]
source = "meridian-base"
kind = "skill"
version = "v0.0.27"
source_checksum = "sha256:9e02adfcca6c6f35bf093e46146bf5062c5b06a388c0fe7e6b6b18963805ee6c"
installed_checksum = "sha256:9e02adfcca6c6f35bf093e46146bf5062c5b06a388c0fe7e6b6b18963805ee6c"
dest_path = "skills/meridian-work-coordination"

[items."skills/mermaid"]
source = "_self"
kind = "skill"
source_checksum = "sha256:bb281930d4067cc42f95f9fdefba51e8b4582d7c52bfa37667a2063e84fcc771"
installed_checksum = "sha256:bb281930d4067cc42f95f9fdefba51e8b4582d7c52bfa37667a2063e84fcc771"
dest_path = "skills/mermaid"

[items."skills/orchestrate"]
source = "_self"
kind = "skill"
source_checksum = "sha256:a0ee394f822abb34ce7f7219ea3adfa292ed9ccd3db4420194f02b43f8524eb3"
installed_checksum = "sha256:a0ee394f822abb34ce7f7219ea3adfa292ed9ccd3db4420194f02b43f8524eb3"
dest_path = "skills/orchestrate"

[items."skills/prompt-principles"]
source = "meridian-prompter"
kind = "skill"
version = "v0.0.5"
source_checksum = "sha256:2dbc08c381b9bae15668631594b81d72d031601d6fe525e22fbfca3a84b2581d"
installed_checksum = "sha256:2dbc08c381b9bae15668631594b81d72d031601d6fe525e22fbfca3a84b2581d"
dest_path = "skills/prompt-principles"

[items."skills/prompt-review"]
source = "meridian-prompter"
kind = "skill"
version = "v0.0.4"
source_checksum = "sha256:47eb3e72585527010be8a71d6a1b34537eab9c200f3a48e965c8914b784add4e"
installed_checksum = "sha256:47eb3e72585527010be8a71d6a1b34537eab9c200f3a48e965c8914b784add4e"
dest_path = "skills/prompt-review"

[items."skills/prose-critique"]
source = "_self"
kind = "skill"
source_checksum = "sha256:cc663cfc4e74a77dd0e7ef1e17de13e215deea723135a6b42d7e8f1a8e4b46c4"
installed_checksum = "sha256:cc663cfc4e74a77dd0e7ef1e17de13e215deea723135a6b42d7e8f1a8e4b46c4"
dest_path = "skills/prose-critique"

[items."skills/prose-writing"]
source = "_self"
kind = "skill"
source_checksum = "sha256:9f8ca72ecccea8c0c6b44dda58caf972377d2578436e329724a8f6efb3eff13c"
installed_checksum = "sha256:9f8ca72ecccea8c0c6b44dda58caf972377d2578436e329724a8f6efb3eff13c"
dest_path = "skills/prose-writing"

[items."skills/python-tools"]
source = "meridian-prompter"
kind = "skill"
version = "v0.0.4"
source_checksum = "sha256:453a20e334d662caa065beb0a1b93f70852b3c224833118f1a3e248a50d711b3"
installed_checksum = "sha256:453a20e334d662caa065beb0a1b93f70852b3c224833118f1a3e248a50d711b3"
dest_path = "skills/python-tools"

[items."skills/shared-workspace"]
source = "meridian-base"
kind = "skill"
version = "v0.0.27"
source_checksum = "sha256:69296d410f585fdd5d51c288317debae10f041200eb6b1335e822802dd817b39"
installed_checksum = "sha256:69296d410f585fdd5d51c288317debae10f041200eb6b1335e822802dd817b39"
dest_path = "skills/shared-workspace"

[items."skills/skill-artifacts"]
source = "meridian-prompter"
kind = "skill"
version = "v0.0.4"
source_checksum = "sha256:b0c6ea29e17f3acd6843a73dfc0f3bc890fe04352f6ab8f4bdb8bdf7c26cbd12"
installed_checksum = "sha256:b0c6ea29e17f3acd6843a73dfc0f3bc890fe04352f6ab8f4bdb8bdf7c26cbd12"
dest_path = "skills/skill-artifacts"

[items."skills/skill-creator"]
source = "meridian-base"
kind = "skill"
version = "v0.0.27"
source_checksum = "sha256:58ded93f9c40f7b4eb100902d2fbf1bd220d4f9adbe07e72b4b1514c245ba186"
installed_checksum = "sha256:58ded93f9c40f7b4eb100902d2fbf1bd220d4f9adbe07e72b4b1514c245ba186"
dest_path = "skills/skill-creator"

[items."skills/story-architecture"]
source = "_self"
kind = "skill"
source_checksum = "sha256:e97b54908f70198a84ec12beeed5ac60324c90a87ca04a997e23f7cff31b6b11"
installed_checksum = "sha256:e97b54908f70198a84ec12beeed5ac60324c90a87ca04a997e23f7cff31b6b11"
dest_path = "skills/story-architecture"

[items."skills/story-context"]
source = "_self"
kind = "skill"
source_checksum = "sha256:c2d6f61979ce08d20f159492eb3dcd10a6fa680a3962d07bc724c58e341f3047"
installed_checksum = "sha256:c2d6f61979ce08d20f159492eb3dcd10a6fa680a3962d07bc724c58e341f3047"
dest_path = "skills/story-context"

[items."skills/story-decisions"]
source = "_self"
kind = "skill"
source_checksum = "sha256:1703d8c099e7df49da9747bf96321474569274ca3678ac208eed6f5f4b53243a"
installed_checksum = "sha256:1703d8c099e7df49da9747bf96321474569274ca3678ac208eed6f5f4b53243a"
dest_path = "skills/story-decisions"

[items."skills/wiki-docs"]
source = "_self"
kind = "skill"
source_checksum = "sha256:58424bc2bfd7918db768f3172b954dbb648b570166d6017912b5687bde7024fa"
installed_checksum = "sha256:58424bc2bfd7918db768f3172b954dbb648b570166d6017912b5687bde7024fa"
dest_path = "skills/wiki-docs"

[items."skills/writing-artifacts"]
source = "_self"
kind = "skill"
source_checksum = "sha256:5a80487ccd9ddcde3c188abec55728a363a03540efbb27a61b3830826443a6f5"
installed_checksum = "sha256:5a80487ccd9ddcde3c188abec55728a363a03540efbb27a61b3830826443a6f5"
dest_path = "skills/writing-artifacts"

[items."skills/writing-issues"]
source = "_self"
kind = "skill"
source_checksum = "sha256:d045eb21c9c6f060983873cf545fadd974018b560a76c1644347cfd4d8666335"
installed_checksum = "sha256:d045eb21c9c6f060983873cf545fadd974018b560a76c1644347cfd4d8666335"
dest_path = "skills/writing-issues"

[items."skills/writing-principles"]
source = "_self"
kind = "skill"
source_checksum = "sha256:41b2f59b71e62bce1ea43cfc5498616f0e29d938ea8e47640acc3442f0afe8bd"
installed_checksum = "sha256:41b2f59b71e62bce1ea43cfc5498616f0e29d938ea8e47640acc3442f0afe8bd"
dest_path = "skills/writing-principles"

[items."skills/writing-staffing"]
source = "_self"
kind = "skill"
source_checksum = "sha256:ea79ed233dcf38cde83662e228a961c3e023de72d8e7e8d6bb8457d35bb4fe37"
installed_checksum = "sha256:ea79ed233dcf38cde83662e228a961c3e023de72d8e7e8d6bb8457d35bb4fe37"
dest_path = "skills/writing-staffing"
